
Microsoft Visual Studio Solution File, Format Version 12.00
# Visual Studio Version 17
VisualStudioVersion = 17.8.34330.188
MinimumVisualStudioVersion = 10.0.40219.1
Project("{9A19103F-16F7-4668-BE54-9A1E7A4F7556}") = "LMS.WEB", "LMS.WEB\LMS.WEB.csproj", "{2E5E8853-65E1-493A-8D34-0C81405E89B5}"
EndProject
Project("{FAE04EC0-301F-11D3-BF4B-00C04F79EFBC}") = "LMS.DAL", "LMS.DAL\LMS.DAL.csproj", "{196C04FB-2FCA-4592-BB8F-1143E8E7A9B7}"
EndProject
Project("{FAE04EC0-301F-11D3-BF4B-00C04F79EFBC}") = "LMS.Utility", "LMS.Utility\LMS.Utility.csproj", "{F63513E9-131D-4840-8374-B9591B62FB24}"
EndProject
Project("{FAE04EC0-301F-11D3-BF4B-00C04F79EFBC}") = "LMS.Models", "LMS.Models\LMS.Models.csproj", "{A6811E1F-CF07-4CCF-A2CA-D61AD5872803}"
EndProject
Global
	GlobalSection(SolutionConfigurationPlatforms) = preSolution
		Debug|Any CPU = Debug|Any CPU
		Release|Any CPU = Release|Any CPU
	EndGlobalSection
	GlobalSection(ProjectConfigurationPlatforms) = postSolution
		{2E5E8853-65E1-493A-8D34-0C81405E89B5}.Debug|Any CPU.ActiveCfg = Debug|Any CPU
		{2E5E8853-65E1-493A-8D34-0C81405E89B5}.Debug|Any CPU.Build.0 = Debug|Any CPU
		{2E5E8853-65E1-493A-8D34-0C81405E89B5}.Release|Any CPU.ActiveCfg = Release|Any CPU
		{2E5E8853-65E1-493A-8D34-0C81405E89B5}.Release|Any CPU.Build.0 = Release|Any CPU
		{196C04FB-2FCA-4592-BB8F-1143E8E7A9B7}.Debug|Any CPU.ActiveCfg = Debug|Any CPU
		{196C04FB-2FCA-4592-BB8F-1143E8E7A9B7}.Debug|Any CPU.Build.0 = Debug|Any CPU
		{196C04FB-2FCA-4592-BB8F-1143E8E7A9B7}.Release|Any CPU.ActiveCfg = Release|Any CPU
		{196C04FB-2FCA-4592-BB8F-1143E8E7A9B7}.Release|Any CPU.Build.0 = Release|Any CPU
		{F63513E9-131D-4840-8374-B9591B62FB24}.Debug|Any CPU.ActiveCfg = Debug|Any CPU
		{F63513E9-131D-4840-8374-B9591B62FB24}.Debug|Any CPU.Build.0 = Debug|Any CPU
		{F63513E9-131D-4840-8374-B9591B62FB24}.Release|Any CPU.ActiveCfg = Release|Any CPU
		{F63513E9-131D-4840-8374-B9591B62FB24}.Release|Any CPU.Build.0 = Release|Any CPU
		{A6811E1F-CF07-4CCF-A2CA-D61AD5872803}.Debug|Any CPU.ActiveCfg = Debug|Any CPU
		{A6811E1F-CF07-4CCF-A2CA-D61AD5872803}.Debug|Any CPU.Build.0 = Debug|Any CPU
		{A6811E1F-CF07-4CCF-A2CA-D61AD5872803}.Release|Any CPU.ActiveCfg = Release|Any CPU
		{A6811E1F-CF07-4CCF-A2CA-D61AD5872803}.Release|Any CPU.Build.0 = Release|Any CPU
	EndGlobalSection
	GlobalSection(SolutionProperties) = preSolution
		HideSolutionNode = FALSE
	EndGlobalSection
	GlobalSection(ExtensibilityGlobals) = postSolution
		SolutionGuid = {7092B984-098D-4BAB-BCAA-609E30F6905D}
	EndGlobalSection
EndGlobal
